
Microsoft Visual Studio Solution File, Format Version 12.00
# Visual Studio Version 17
VisualStudioVersion = 17.9.34607.119
MinimumVisualStudioVersion = 10.0.40219.1
Project("{FAE04EC0-301F-11D3-BF4B-00C04F79EFBC}") = "Strategy", "Strategy\Strategy.csproj", "{3291AFFA-A635-4756-934E-D261183181A3}"
EndProject
Global
	GlobalSection(SolutionConfigurationPlatforms) = preSolution
		Debug|Any CPU = Debug|Any CPU
		Release|Any CPU = Release|Any CPU
	EndGlobalSection
	GlobalSection(ProjectConfigurationPlatforms) = postSolution
		{3291AFFA-A635-4756-934E-D261183181A3}.Debug|Any CPU.ActiveCfg = Debug|Any CPU
		{3291AFFA-A635-4756-934E-D261183181A3}.Debug|Any CPU.Build.0 = Debug|Any CPU
		{3291AFFA-A635-4756-934E-D261183181A3}.Release|Any CPU.ActiveCfg = Release|Any CPU
		{3291AFFA-A635-4756-934E-D261183181A3}.Release|Any CPU.Build.0 = Release|Any CPU
	EndGlobalSection
	GlobalSection(SolutionProperties) = preSolution
		HideSolutionNode = FALSE
	EndGlobalSection
	GlobalSection(ExtensibilityGlobals) = postSolution
		SolutionGuid = {224AA831-F4E2-4177-BBA3-3386C9F28C36}
	EndGlobalSection
EndGlobal
